{
    "_meta": {
        "hash": {
            "sha256": "801e739982eb64e64782269d740cbd478e1a503521844df31abe63d687d13c9f"
        },
        "pipfile-spec": 6,
        "requires": {
            "python_version": "3.7"
        },
        "sources": [
            {
                "name": "pip_conf_index_global",
                "url": "https://pypi.tuna.tsinghua.edu.cn/simple/",
                "verify_ssl": true
            }
        ]
    },
    "default": {},
    "develop": {
        "backcall": {
            "hashes": [
                "sha256:5cbdbf27be5e7cfadb448baf0aa95508f91f2bbc6c6437cd9cd06e2a4c215e1e",
                "sha256:fbbce6a29f263178a1f7915c1940bde0ec2b2a967566fe1c65c1dfb7422bd255"
            ],
            "version": "==0.2.0"
        },
        "debugpy": {
            "hashes": [
                "sha256:0e90314a078d4e3f009520c8387aba8f74c3034645daa7a332a3d1bb81335756",
                "sha256:1285920a3f9a75f5d1acf59ab1b9da9ae6eb9a05884cd7674f95170c9cafa4de",
                "sha256:1565fd904f9571c430adca597771255cff4f92171486fced6f765dcbdfc8ec8d",
                "sha256:17ad9a681aca1704c55b9a5edcb495fa8f599e4655c9872b7f9cf3dc25890d48",
                "sha256:18a69f8e142a716310dd0af6d7db08992aed99e2606108732efde101e7c65e2a",
                "sha256:18bca8429d6632e2d3435055416d2d88f0309cc39709f4f6355c8d412cc61f24",
                "sha256:2b0e489613bc066051439df04c56777ec184b957d6810cb65f235083aef7a0dc",
                "sha256:538765a41198aa88cc089295b39c7322dd598f9ef1d52eaae12145c63bf9430a",
                "sha256:6516f36a2e95b3be27f171f12b641e443863f4ad5255d0fdcea6ae0be29bb912",
                "sha256:676911c710e85567b17172db934a71319ed9d995104610ce23fd74a07f66e6f6",
                "sha256:7515a5ba5ee9bfe956685909c5f28734c1cecd4ee813523363acfe3ca824883a",
                "sha256:7bf0b4bbd841b2397b6a8de15da9227f1164f6d43ceee971c50194eaed930a9d",
                "sha256:9e9571d831ad3c75b5fb6f3efcb71c471cf2a74ba84af6ac1c79ce00683bed4b",
                "sha256:a5036e918c6ba8fc4c4f1fd0207d81db634431a02f0dc2ba51b12fd793c8c9de",
                "sha256:a6f43a681c5025db1f1c0568069d1d1bad306a02e7c36144912b26d9c90e4724",
                "sha256:ad22e1095b9977af432465c1e09132ba176e18df3834b1efcab1a449346b350b",
                "sha256:bc8da67ade39d9e75608cdb8601d07e63a4e85966e0572c981f14e2cf42bcdef",
                "sha256:c7e8cf91f8f3f9b5fad844dd88427b85d398bda1e2a0cd65d5a21312fcbc0c6f",
                "sha256:d5be95b3946a4d7b388e45068c7b75036ac5a610f41014aee6cafcd5506423ad",
                "sha256:dc8a12ac8b97ef3d6973c6679a093138c7c9b03eb685f0e253269a195f651559",
                "sha256:f625e427f21423e5874139db529e18cb2966bdfcc1cb87a195538c5b34d163d1",
                "sha256:f6de2e6f24f62969e0f0ef682d78c98161c4dca29e9fb05df4d2989005005502"
            ],
            "markers": "python_version >= '3.7'",
            "version": "==1.7.0"
        },
        "decorator": {
            "hashes": [
                "sha256:637996211036b6385ef91435e4fae22989472f9d571faba8927ba8253acbc330",
                "sha256:b8c3f85900b9dc423225913c5aace94729fe1fa9763b38939a95226f02d37186"
            ],
            "markers": "python_version >= '3.5'",
            "version": "==5.1.1"
        },
        "entrypoints": {
            "hashes": [
                "sha256:b706eddaa9218a19ebcd67b56818f05bb27589b1ca9e8d797b74affad4ccacd4",
                "sha256:f174b5ff827504fd3cd97cc3f8649f3693f51538c7e4bdf3ef002c8429d42f9f"
            ],
            "markers": "python_version >= '3.6'",
            "version": "==0.4"
        },
        "ipykernel": {
            "hashes": [
                "sha256:463f3d87a92e99969b1605cb7a5b4d7b36b7145a0e72d06e65918a6ddefbe630",
                "sha256:67daf93e5b52456cd8eea87a8b59405d2bb80ae411864a1ea206c3631d8179af"
            ],
            "index": "pip_conf_index_global",
            "markers": "python_version >= '3.7'",
            "version": "==6.16.2"
        },
        "ipython": {
            "hashes": [
                "sha256:af3bdb46aa292bce5615b1b2ebc76c2080c5f77f54bda2ec72461317273e7cd6",
                "sha256:c175d2440a1caff76116eb719d40538fbb316e214eda85c5515c303aacbfb23e"
            ],
            "markers": "python_version >= '3.7'",
            "version": "==7.34.0"
        },
        "jedi": {
            "hashes": [
                "sha256:cf0496f3651bc65d7174ac1b7d043eff454892c708a87d1b683e57b569927ffd",
                "sha256:e983c654fe5c02867aef4cdfce5a2fbb4a50adc0af145f70504238f18ef5e7e0"
            ],
            "markers": "python_version >= '3.6'",
            "version": "==0.19.1"
        },
        "jupyter-client": {
            "hashes": [
                "sha256:214668aaea208195f4c13d28eb272ba79f945fc0cf3f11c7092c20b2ca1980e7",
                "sha256:52be28e04171f07aed8f20e1616a5a552ab9fee9cbbe6c1896ae170c3880d392"
            ],
            "markers": "python_version >= '3.7'",
            "version": "==7.4.9"
        },
        "jupyter-core": {
            "hashes": [
                "sha256:87f39d7642412ae8a52291cc68e71ac01dfa2c735df2701f8108251d51b4f460",
                "sha256:a54672c539333258495579f6964144924e0aa7b07f7069947bef76d7ea5cb4c1"
            ],
            "markers": "python_version >= '3.7'",
            "version": "==4.12.0"
        },
        "matplotlib-inline": {
            "hashes": [
                "sha256:f1f41aab5328aa5aaea9b16d083b128102f8712542f819fe7e6a420ff581b311",
                "sha256:f887e5f10ba98e8d2b150ddcf4702c1e5f8b3a20005eb0f74bfdbd360ee6f304"
            ],
            "markers": "python_version >= '3.5'",
            "version": "==0.1.6"
        },
        "nest-asyncio": {
            "hashes": [
                "sha256:25aa2ca0d2a5b5531956b9e273b45cf664cae2b145101d73b86b199978d48fdb",
                "sha256:accda7a339a70599cb08f9dd09a67e0c2ef8d8d6f4c07f96ab203f2ae254e48d"
            ],
            "markers": "python_version >= '3.5'",
            "version": "==1.5.8"
        },
        "packaging": {
            "hashes": [
                "sha256:048fb0e9405036518eaaf48a55953c750c11e1a1b68e0dd1a9d62ed0c092cfc5",
                "sha256:8c491190033a9af7e1d931d0b5dacc2ef47509b34dd0de67ed209b5203fc88c7"
            ],
            "markers": "python_version >= '3.7'",
            "version": "==23.2"
        },
        "parso": {
            "hashes": [
                "sha256:8c07be290bb59f03588915921e29e8a50002acaf2cdc5fa0e0114f91709fafa0",
                "sha256:c001d4636cd3aecdaf33cbb40aebb59b094be2a74c556778ef5576c175e19e75"
            ],
            "markers": "python_version >= '3.6'",
            "version": "==0.8.3"
        },
        "pexpect": {
            "hashes": [
                "sha256:0b48a55dcb3c05f3329815901ea4fc1537514d6ba867a152b581d69ae3710937",
                "sha256:fc65a43959d153d0114afe13997d439c22823a27cefceb5ff35c2178c6784c0c"
            ],
            "markers": "sys_platform != 'win32'",
            "version": "==4.8.0"
        },
        "pickleshare": {
            "hashes": [
                "sha256:87683d47965c1da65cdacaf31c8441d12b8044cdec9aca500cd78fc2c683afca",
                "sha256:9649af414d74d4df115d5d718f82acb59c9d418196b7b4290ed47a12ce62df56"
            ],
            "version": "==0.7.5"
        },
        "prompt-toolkit": {
            "hashes": [
                "sha256:04505ade687dc26dc4284b1ad19a83be2f2afe83e7a828ace0c72f3a1df72aac",
                "sha256:9dffbe1d8acf91e3de75f3b544e4842382fc06c6babe903ac9acb74dc6e08d88"
            ],
            "markers": "python_full_version >= '3.7.0'",
            "version": "==3.0.39"
        },
        "psutil": {
            "hashes": [
                "sha256:10e8c17b4f898d64b121149afb136c53ea8b68c7531155147867b7b1ac9e7e28",
                "sha256:18cd22c5db486f33998f37e2bb054cc62fd06646995285e02a51b1e08da97017",
                "sha256:3ebf2158c16cc69db777e3c7decb3c0f43a7af94a60d72e87b2823aebac3d602",
                "sha256:51dc3d54607c73148f63732c727856f5febec1c7c336f8f41fcbd6315cce76ac",
                "sha256:6e5fb8dc711a514da83098bc5234264e551ad980cec5f85dabf4d38ed6f15e9a",
                "sha256:70cb3beb98bc3fd5ac9ac617a327af7e7f826373ee64c80efd4eb2856e5051e9",
                "sha256:748c9dd2583ed86347ed65d0035f45fa8c851e8d90354c122ab72319b5f366f4",
                "sha256:91ecd2d9c00db9817a4b4192107cf6954addb5d9d67a969a4f436dbc9200f88c",
                "sha256:92e0cc43c524834af53e9d3369245e6cc3b130e78e26100d1f63cdb0abeb3d3c",
                "sha256:a6f01f03bf1843280f4ad16f4bde26b817847b4c1a0db59bf6419807bc5ce05c",
                "sha256:c69596f9fc2f8acd574a12d5f8b7b1ba3765a641ea5d60fb4736bf3c08a8214a",
                "sha256:ca2780f5e038379e520281e4c032dddd086906ddff9ef0d1b9dcf00710e5071c",
                "sha256:daecbcbd29b289aac14ece28eca6a3e60aa361754cf6da3dfb20d4d32b6c7f57",
                "sha256:e4b92ddcd7dd4cdd3f900180ea1e104932c7bce234fb88976e2a3b296441225a",
                "sha256:fb8a697f11b0f5994550555fcfe3e69799e5b060c8ecf9e2f75c69302cc35c0d",
                "sha256:ff18b8d1a784b810df0b0fff3bcb50ab941c3b8e2c8de5726f9c71c601c611aa"
            ],
            "markers": "python_version >= '2.7' and python_version not in '3.0, 3.1, 3.2, 3.3, 3.4, 3.5'",
            "version": "==5.9.6"
        },
        "ptyprocess": {
            "hashes": [
                "sha256:4b41f3967fce3af57cc7e94b888626c18bf37a083e3651ca8feeb66d492fef35",
                "sha256:5c5d0a3b48ceee0b48485e0c26037c0acd7d29765ca3fbb5cb3831d347423220"
            ],
            "version": "==0.7.0"
        },
        "pygments": {
            "hashes": [
                "sha256:13fc09fa63bc8d8671a6d247e1eb303c4b343eaee81d861f3404db2935653692",
                "sha256:1daff0494820c69bc8941e407aa20f577374ee88364ee10a98fdbe0aece96e29"
            ],
            "markers": "python_version >= '3.7'",
            "version": "==2.16.1"
        },
        "python-dateutil": {
            "hashes": [
                "sha256:0123cacc1627ae19ddf3c27a5de5bd67ee4586fbdd6440d9748f8abb483d3e86",
                "sha256:961d03dc3453ebbc59dbdea9e4e11c5651520a876d0f4db161e8674aae935da9"
            ],
            "markers": "python_version >= '2.7' and python_version not in '3.0, 3.1, 3.2'",
            "version": "==2.8.2"
        },
        "pyzmq": {
            "hashes": [
                "sha256:019e59ef5c5256a2c7378f2fb8560fc2a9ff1d315755204295b2eab96b254d0a",
                "sha256:023bd419c845a9436d219bb2f03cbfbd586b14349eb4700ed261bc4313f60505",
                "sha256:02477cbb7f8253cf4ac74ece6375a8e6d6d37a42f22861f1af81f045b00a7412",
                "sha256:034239843541ef7a1aee0c7b2cb7f6aafffb005ede965ae9cbd49d5ff4ff73cf",
                "sha256:03b3f49b57264909aacd0741892f2aecf2f51fb053e7d8ac6767f6c700832f45",
                "sha256:047a640f5c9c6ade7b1cc6680a0e28c9dd5a0825135acbd3569cc96ea00b2505",
                "sha256:04ccbed567171579ec2cebb9c8a3e30801723c575601f9a990ab25bcac6b51e2",
                "sha256:04fcba76069696deb255c28ddeb55147cbc9765c176cb83939e14608aa2d26df",
                "sha256:05002be33fa090711146765cfc0ecf36f7da76cae19048ab6f6125fbdefdcf10",
                "sha256:057e824b2aae50accc0f9a0570998adc021b372478a921506fddd6c02e60308e",
                "sha256:062b9e37547b5e784ae485f6021934adac61dc1c68acf0ac96ca773bfaf81d5b",
                "sha256:0a6847cbba62d307767b3bac26108e7e007c31b216f21dae12a55af2d9a6b281",
                "sha256:0a9f7aebffd7b5d2a768b18613e520c0a86b5f506ed181dd4aa2dee580954f7e",
                "sha256:0b8c4b00979947cd77bd4b5c357b8695914d91ade54714d812c7963d827e63ec",
                "sha256:0c1e37be2fde720809424a75b58cb0648418aa322190013fdadfd1b320ed21c5",
                "sha256:0de278bf1614d77b2dbed3d4170cd63170f2bbc005d971aec4ecd2057670854a",
                "sha256:10353935b9d1401d3b7ada4cb9556d65c64ef009a1a383243df912559b1d1c8e",
                "sha256:11baebdd5fc5b475d484195e49bae2dc64b94a5208f7c89954e9e354fc609d8f",
                "sha256:11c1d2aed9079c6b0c9550a7257a836b4a637feb334904610f06d70eb44c56d2",
                "sha256:11d58723d44d6ed4dd677c5615b2ffb19d5c426636345567d6af82be4dff8a55",
                "sha256:12720a53e61c3b99d87262294e2b375c915fea93c31fc2336898c26d7aed34cd",
                "sha256:13b07f82cb1d2d8f60c693910e301a82f93263e62cf7f935c43ddab8b4303e2b",
                "sha256:15e65fbaeecfab687b77c0cbc7e74aed489e85bf3e4ae26b9406128c282350e8",
                "sha256:17ef5f01d25b67ca8f98120d5fa1d21efe9611604e8eb03a5147360f517dd1e2",
                "sha256:1844ac255609815954ed4731879352ef7e730b26926a53988fba65ddcb4477dd",
                "sha256:18d43df3f2302d836f2a56f17e5663e398416e9dd74b205b179065e61f1a6edf",
                "sha256:18e50ebd4108a6fdf6961f39b37b7980a4ed7184122210d93297666b8ffe0e67",
                "sha256:193877feeeee8e28de972d6007e31b714ccc6636ea2959cda3902b070dec41cd",
                "sha256:1a5d26fe8f32f137e784f768143728438877d69a586ddeaad898558dc971a5ae",
                "sha256:1af379b33ef33757224da93e9da62e6471cf4a66d10078cf32bae8127d3d0d4a",
                "sha256:1b97aeb2624e56b816fff1b71ebc118a2046d3000abcace7d1658057222733f0",
                "sha256:1c028b190454895c7d12ad9e656cd045318048cb94f7d21adadd53d21b124ac4",
                "sha256:1ccf825981640b8c34ae54231b7ed00271822ea1c6d8ba1090ebd4943759abf5",
                "sha256:1ee8bb0da5cf8574d12dbaa0b903a8cd38e1e61e4870a5251bffe8327b1d54a7",
                "sha256:2064d5836bf849d4190acce38f062756aa7d03a141a16d47c91ee0dc3bdbe2e3",
                "sha256:20cf14b453746414363af3b2dc0edbccfc90387571c28f8288ca1495a03d0f17",
                "sha256:21eb4e609a154a57c520e3d5bfa0d97e49b6872ea057b7c85257b11e78068222",
                "sha256:2243700cc5548cff20963f0ca92d3e5e436394375ab8a354bbea2b12911b20b0",
                "sha256:255ca2b219f9e5a3a9ef3081512e1358bd4760ce77828e1028b818ff5610b87b",
                "sha256:259c22485b71abacdfa8bf79720cd7bcf4b9d128b30ea554f01ae71fdbfdaa23",
                "sha256:25f0e6b78220aba09815cd1f3a32b9c7cb3e02cb846d1cfc526b6595f6046618",
                "sha256:2685fa2c531425b369ac201f59f6a9e4da6649018ad663c651f3ed20b650402f",
                "sha256:26b74cb5545707737eec568f28e49f64bf310496f6be7a89b8209e4c4d14e82d",
                "sha256:273bc3959bcbff3f48606b28229b4721716598d76b5aaea2b4a9d0ab454ec062",
                "sha256:28f499bc50aa0940e66a2cf38bd14c3561d84e7f500484077a05665a47aad79a",
                "sha256:292fe3fc5ad4a75bc8df0dfaee7d0babe8b1f4ceb596437213821f761b4589f9",
                "sha256:2967d008f0e4fdd7bbe7f5794171fbf6bd43f696733bce7bfad855153b7d8aa6",
                "sha256:2b6726fc763707e9093b4027997692ea92a5aaa0d3f5fe6d760984bc44992c74",
                "sha256:2ca57a5be0389f2a65e6d3bb2962a971688cbdd30b4c0bd188c99e39c234f414",
                "sha256:2d163a18819277e49911f7461567bda923461c50b19d169a062536fffe7cd9d2",
                "sha256:2d65d5cf82ed921a5dea450d76de1c275d2662bc335a23beb1ced4fcf5278cea",
                "sha256:2d81f1ddae3858b8299d1da72dd7d19dd36aab654c19671aa8a7e7fb02f6638a",
                "sha256:2f957ce63d13c28730f7fd6b72333814221c84ca2421298f66e5143f81c9f91f",
                "sha256:316b547f2719b9a009c9a7771c064c87e4291517bb62f830e92de7121ecc3f6c",
                "sha256:31a982bd22b2fd01a1eb79d13659d45f154008ccd7f7913fe1a579459649878f",
                "sha256:330f9e188d0d89080cde66dc7470f57d1926ff2fb5576227f14d5be7ab30b9fa",
                "sha256:342e47d91e3c453cfb3be59284a8d70635525b8f975b258bc421c54bea009a50",
                "sha256:346e66d77f2b6f93355146005c04ad6dfb43813a21533c90f435a47138f179f6",
                "sha256:34c850ce7976d19ebe7b9d4b9bb8c9dfc7aac336c0958e2651b88cbd46682123",
                "sha256:34cac2027a8ca402a250dc727f5c27cab942a643e6787fa84c58e6c311b62593",
                "sha256:35b5ab8c28978fbbb86ea54958cd89f5176ce747c1fb3d87356cf698048a7790",
                "sha256:35f82f00343dbe9d4fa92bcf4f062d13b191b01b1669c7b9d0cac1339793db97",
                "sha256:3669cf8ee3520c2f13b2e0351c41fea919852b220988d2049249db10046a7afb",
                "sha256:367d1afe123ff6fb25ffe5274e7245fc40bcb12665260805b65b6b8964e4f9e5",
                "sha256:36c6f9b1f30cadeaf30cbbce6fc6861053c9eaf5192becc127cebc05ed46a67d",
                "sha256:37eeb71373547d2d642c0c085d7525546d5f51d356433d5f59621dcbd827c0d5",
                "sha256:381469297409c5adf9a0e884c5eb5186ed33137badcbbb0560b86e910a2f1e76",
                "sha256:38fa3bf9867a4a7d88833d724095c1c505243deaa276dd708dee4df2b5264157",
                "sha256:39ee38073d749f57dc6673fe25be873aa57693519599a69301185e8eed7a9aa4",
                "sha256:3bab8154600855c5bf1fee052bc0e95c7de4d4d7f6de3a8db5e4d6ca69ab8eaa",
                "sha256:3cf769324d595a0ba5a2636aff4a5b5011c432d216a1db913045656cf62318b6",
                "sha256:3d0a409d3b28607cc427aa5c30a6f1e4452cc44e311f843e05edb28ab5e36da0",
                "sha256:3d5d4361ed37965791cc1239dd900b209cc526cf831ba33b65aed24f7753396c",
                "sha256:3d76906b2f8a30537d91b8de5b1e99feb553f1bb24c02505618c467264fe9241",
                "sha256:3f840aa8b38c14f2e98cb32a3fe036d4277af2dd72ebf296864a40409ee4c6fe",
                "sha256:3febfc1220ef69ee2484a9a66a6c99019e35cf86a85434faeb05d2283bdd4d9c",
                "sha256:409687cc5341e90c00c8d52124f820f559db235f817de5acf2c6274271a953c6",
                "sha256:40bba744145f9f4e48dee8fbbf2422453502316be2ac271dcad0e8b26ad0ece6",
                "sha256:434deb8c70408995a03484635815c7bff61f663d688a293a2da649101b618078",
                "sha256:43ad9e533a92f1c095dba1c4bcd530ddbd88cf2e9e5c59ea7db44c3605597e3c",
                "sha256:44e58a0554b21fc662f2712814a746635ed668d0fbc98b7cb9d74cb798d202e6",
                "sha256:452a1b789dd8b47339727f94c0f35202a04837415a8c622169b0d64aaff7a429",
                "sha256:458dea649f2f02a0b244ae6aef8dc29325a2810aa26b07af8374dc2a9faf57e3",
                "sha256:48e466162a24daf86f6b5ca72444d2bf39a5e58da5f96370078be67c67adc978",
                "sha256:49d238cf4b69652257db66d0c623cd3e09b5d2e9576b56bc067a396133a00d4a",
                "sha256:4a6f5655e5c6c5db5ead7f22f3ca44382038c3859e5c70e078c0e33fdfa6618b",
                "sha256:4b038445af6026071d2cc6297502a47faa22c9cd0422fdda40db9f8b4197bd27",
                "sha256:4b04c7263d842938364e0d346924164b2c7d388c13a302683f4f659c88ecc1b7",
                "sha256:4b5dc9d89b531cc965e8aa1ce9af4a6daf4d3ea994818064e4082273dcffd182",
                "sha256:4b83ceaa53718115531d7d1f8c38ffd843350ba3cbc48b324b47b25ea65c81fc",
                "sha256:4ca1ed0bb2d850aa8471387882247c68f1e62a4af0ce9c8a1dbe0d2bf69e41fb",
                "sha256:4e35c6984056eaba7d65dec453f9265a4a99ef7623fdc6912281bcbd43655050",
                "sha256:4f40141db364d0ad9c37b44918b27bab548077f65ea5618cc0f5e6f35afd1058",
                "sha256:52533489f28d62eb1258a965f2aba28a82aa747202c8fa5a1c7a43b5db0e85c1",
                "sha256:52978fb1dd64fd511efe01fed4bd32528b0b5638fa92937a182636736ca1ad9a",
                "sha256:529b689ac2f38522b9b96f298e68984af9a4b232194d0cd516b3f3120391b74f",
                "sha256:546e6da82ae83c5a8c26c1ac5c9eb12597755e4bec85e6dace9e5194e827c04e",
                "sha256:548d6482dc8aadbe7e79d1b5806585c8120bafa1ef841167bc9090522b610fa6",
                "sha256:5619f3f5a4db5dbb572b095ea3cb5cc035335159d9da950830c9c4db2fbb6995",
                "sha256:56335988bee44a1ec73318bb692466f1d691af9590511d9d02bd4be892c150a8",
                "sha256:567f2a76a6245ee49890cc2ed511b38dc01d14f9778e8947695ba450519ae7e4",
                "sha256:57459b68e5cd85b0be8184382cefd91959cafe79ae019e6b1ae6e2ba8a12cda7",
                "sha256:583c055874d0c4b9108cec3dd794440c0e93e3080c3bebf93680ed4c4f4713e9",
                "sha256:5a34d2395073ef862b4032343cf0c32a712f3ab49d7ec4f42c9661e0294d106f",
                "sha256:5e72372b90dd4cd5ca1cf43c8fe2eb285ae267fa8f6655a466b2db12c959bddc",
                "sha256:5f655aadf3732bf55b74b5135de50e6ee737b287bc754a71d6a4cf0bc37f2b1a",
                "sha256:5f890aed62cf689e01b7708bed2823c3257f8300ebfdf510336e761e09228dcb",
                "sha256:609217683050b2779179a829e98c1bfea64846e55d568d15a46e6ce21deda498",
                "sha256:61706a6b6c24bdece85ff177fec393545a3191eeda35b07aaa1458a027ad1304",
                "sha256:61ee4418adfc694cfb25158f2c30befae22a2fdfa73f5fef9cbd45ae59bad56c",
                "sha256:65cf61f753050e5a30bd51fe61cbc6d5e27c2c5a1b7b4e96badfb4bd550d1ea0",
                "sha256:65f31354c95b4917af829d6523a1ef70cbc01b75fafa7c30c01ac2d885ce967c",
                "sha256:660027d60e16fe62dc164f1220eecdc658fd9778d1b3e2ac7285b2530984a458",
                "sha256:6956b789de62e6604b2d37d9584580f9041cd23bfa541fc428cd3bc2f9ff63a5",
                "sha256:6af45f8b20aa77e0e2f4633232bdb982904f2354e1ad653091f44ae9e6d1eb2a",
                "sha256:6b4e8d797763bc1c527e7c12e10d19b1199132ca4091771a31a336267cda2c62",
                "sha256:6c2be2b4bd69020da01efc97c07f75cdc200d06545f140cd9723d7090c21a050",
                "sha256:724c292bb26365659fc434e9567b3f1adbdb5e8d640c936ed901f49e03e5d32e",
                "sha256:72fac5e4c87d8ddef28182691282e13fd3ba29eede84760e67897910c4cae2cc",
                "sha256:73461eed88a88c866656e08f89299720a38cb4e9d34ae6bf5df6f71102570f2e",
                "sha256:73b60e02851a46cb28ad630164178e1693c92ba01883b004fc221ff6731f0ac3",
                "sha256:75a2c95a6b8988e61586fc45a9ba7e8345bcab7fa0fdabe4299b5e5251b2e048",
                "sha256:75cebfb290929d6cd38adf7228480beaf68dfc3b7c593444e17bfad75bd61b54",
                "sha256:76705c9325d72a81155bb6ab48d4312e0032bf045fb0754889133200f7a0d849",
                "sha256:76c1c8efb3ca3a1818b837aea423ff8a07bbf7aafe9f2f6582b61a0458b1a329",
                "sha256:77a41c26205d2353a4c94d02be51d6cbdf63c06fbc1295ea57dad7e2d3381b71",
                "sha256:78bd535f8a770a8f858497ed7682097f7281e5db1e0ac4280ba17970dcd4a837",
                "sha256:790725a3120f09bc26ec057ccf73a1f83eb9af2bf4b33708f5c1c4a97f900bb0",
                "sha256:79986f3b4af059777111409ee517da24a529bdbd46da578b33f25580adcff728",
                "sha256:7c272b92ced8a825384151d4acb8635ff306451cfb93523250c769de609b5145",
                "sha256:7c69cb9fdc1620e8cb880589be745ca3a989ab5f45d9ba688452cae6d1aa67b2",
                "sha256:7cff25c5b315e63b07a36f0c2bab32c58eafbe57d0dce61b614ef4c76058c115",
                "sha256:7df8fbd44219332cdce47ee82e4ac5e101b62135a14d559cfbe7eaa784fec38b",
                "sha256:7eac749c61886346f2ed34dddf0d993a4c9310fe91a5227cebfbe1a8fb500f4d",
                "sha256:7f7e58effd14b641c5e4dec8c7dab02fb67a13df90329e61c869b9cc607ef752",
                "sha256:820c4a08195a681252f46926de10e29b6bbf3e17b30037bd4250d72dd3ddaab8",
                "sha256:8345c169a5ab2974e1cf5ac79fc932b35941889fbfa20442c91811e9b61e047b",
                "sha256:8464d764a82ce916affed15d1f2b150bc8d1b5da9b5caf345dfb8578a1aa531b",
                "sha256:8655cd402961d71a43d17ca4809945c4ddc2768b350ae8cc0a3ba82c00a6fcbc",
                "sha256:86e18b85cb8cfba3c50d346edca41e36684487d52b6bc5a642a112aeed145f9f",
                "sha256:87e34f31ca8f168c56d6fbf99692cc8d3b445abb5bfd08c229ae992d7547a92a",
                "sha256:89bb5e70b99754242ccf3a6cc72629e7379aa781c81a117ee878a4d59959a218",
                "sha256:8a4281bd76c4127f51ad9c9cd7c6ebc7476466c0a2c171659cb08c3717ce59e4",
                "sha256:8c0a02b09dd227c4a06761a51d0b60365e4a1646bab7e22223bf26397f351627",
                "sha256:8c263f68b9399187423496e8f86a8e108ebbccefcc113117224d055844b1b4d9",
                "sha256:8c274aed4d6e0d3e600766be7235605208efed0f1ff622cf7d94aeb3e73eff17",
                "sha256:8c49ef5afa3896b105f4cdea318acfc9d3c404542c8c61cb385553eba85f286a",
                "sha256:8d6f5247168fe73ed29fe19e688e7af5dc03cabdc52914152c59b0504173416b",
                "sha256:8dbc2e4cb800d0417133b72e854735139e1cfcaacacce57ea6df091b716effe8",
                "sha256:8dfd970d9efb9418524bd4b3f9e9267aa38398ea2729e942d827ef63ef45fa1a",
                "sha256:8f03d3f0d01cb5a018debeb412441996a517b11c5c17ab2001aa0597c6d6882c",
                "sha256:90050015c4e1f6157fb686052f2c29d0119efb53640ef4c825486267c76e2045",
                "sha256:902a04c584d3a10afedbdc2e4f61f3e0b6206b94c58da8acd9ff981b7f85409f",
                "sha256:90f26dc6d5f241ba358bef79be9ce06de58d477ca8485e3291675436d3827cf8",
                "sha256:911bea5ae4ac62cc5f8fb18dad82a91e8b1fdd49b08863a6043af9b57275ea4c",
                "sha256:94c26f6faa916b51cd45633b0d8d0fc2b3441a4281a5b068d7b56e9f4937884d",
                "sha256:955215ed0604dac5b01907424dfa28b40f2b2292d6493445dd34d0dfa72586a8",
                "sha256:96a570958d14a14fbc135141c4196dad1790763ff64a34dce29306a5bbeaebe2",
                "sha256:9758ed988b0ae5a8d3ec82a24973c4be317d1d2643210f9a56aa68e49eb8c9cc",
                "sha256:985bbb1316192b98f32e25e7b9958088431d853ac63aca1d2c236f40afb17c83",
                "sha256:9de3e7ed8b3e0d22febbf3c3ae8553fc6c8e489693c089d86b01d583c5a11b46",
                "sha256:9f3a84214bea42da0e83342e7bde0cdae70db8606ee2d7f096962db00657505e",
                "sha256:9fcf2fe90fc761d941e56f86fb0702c4283c8011df8af91d6c70f39f35f275d5",
                "sha256:a1346a0d43acfddbfc4636756574a885c2e47d10d350854e2125597d4484eec2",
                "sha256:a150dc321b71680ed0bb74f9f544f352eb107eac69fcd1b393de0aefb0f6ef75",
                "sha256:a15a993c36b321f3ea7a12c1602f8ebc14b636dbeffd0df56626e4a8013eafd9",
                "sha256:a272afc7df7beaf3001092eebea1908e137c5f1b5d8a63165cbac109fccdd1cd",
                "sha256:a382372898a07479bd34bda781008e4a954ed8750f17891e794521c3e21c2e1c",
                "sha256:a3a6d1f686964c46f633be625ca710da1d488dd772bf04e7e63edc0e4d48716b",
                "sha256:a5303ebbae4bf2ef5f17918bf55f5cd4f621e81ef43149d08fa8143970dfb948",
                "sha256:a641f83fb2771ac637435b58e4ad85ac513bef59bbe43fc049e4cc0107a44430",
                "sha256:a6c5f0a29abd7450d69df366efcb210ee52c9d02eb04cfd6b7442b4fd9504432",
                "sha256:a882ac0a351288dd18ecae3326b8a49d10c61a68b01419f3a0b9a306190baf69",
                "sha256:a8bc95de9374444b95491a91a228b34d2016b17f4a59767330921a17f0134833",
                "sha256:a91a268e76f274c8d923b0ffcf74e47231eb70919abac9a50b6bf37c67b2a425",
                "sha256:aa8d6cdc8b8aa19ceb319aaa2b660cdaccc533ec477eeb1309e2a291eaacc43a",
                "sha256:ab61875a14aabd3eebf316614e2c06bf91893e58c6bf800809ffbaccfc69d8af",
                "sha256:abc719161780932c4e11aaebb203be3d6acc6b38d2f26c0f523b5b59d2fc1996",
                "sha256:abf34e43c531bbb510ae7e8f5b2b1f2a8ab93219510e2b287a944432fad135f3",
                "sha256:ade57bc26005de19e34f0ab0b3e2c3ecdf9995bffb0363770c40ceae58ef168a",
                "sha256:ade6d25bb29c4555d718ac6d1443a7386595528c33d6b133b258f65f963bb0f6",
                "sha256:afb2414e2ee1ad4d3821a0d4dc680f6683f4388a0f67c0dbdb6a1b082f214aed",
                "sha256:afea96f64efa98df4da6958bae37f1cbea7932c35878b185e5982821bc883369",
                "sha256:b1579413ae492b05de5a6174574f8c44c2b9b122a42015c5292afa4be2507f28",
                "sha256:b20f51090af959c22576014807fb684da1724a2eb1f351ee37819f75160e8807",
                "sha256:b3451108ab861040754fa5208bca4a5496c65875710f76789a9ad27c801a0075",
                "sha256:b52e31e49d13343207b2582b7d4c7d160f4c9cc85e48372daf5d2205d3fe4f78",
                "sha256:b561f2d5926b7c3dadebbe6ee79cf1ff0a04ed85f62cf6d6739c682d9b75c2e2",
                "sha256:b6481ea12ce10c4621879aecd5b018995e73da8d162a459c7789c5ab57588cf5",
                "sha256:b705b117f637e496a5be25d89d7bb6c47b1e971e25e505e438eaa8b21207683a",
                "sha256:b809d07c66eca7e7abfc030f96b5e7d41f120d8d45cb88d9a973a15cc763697e",
                "sha256:b879c80c3cb24af09f30a64103f9e80bff80e8abc566494b030209736ccfd781",
                "sha256:b8cfe21f75d7cb89204ba0b9a3c5ad3d394a88af75a5c4ac0bba03bd6fa20797",
                "sha256:b924f7dfa6db8f5e38305315af0adb29c25593078a87d40a98dd914a2ebf2490",
                "sha256:b9af3757495c1ee3b5c4e945c1df7be95562277c6e5bccc20a39aec50f826cd0",
                "sha256:ba82ba8f7da1851e19e7c1ae9c2729224cc19cad514f872ce468bca1417621ba",
                "sha256:bbf81f0588eb4efe05b8e580a3777d1019de06070b635aa85d5d4efb6047207d",
                "sha256:bc16ac425cc927d0a57d242589f87ee093884ea4804c05a13834d07c20db203c",
                "sha256:bdb1667100b65c1cec49f7e3848c82eebfbcee1d2fbb8f2e3defc6c7b5a3c39f",
                "sha256:bdbbf58ecc896e52be4fb075a85fe13fddcc51c2c0a5771ca50f8557725b3a0c",
                "sha256:c1666491f25fc6b0ae7e77cefafc282e2e25f3f822250b6045cce6da444ee53f",
                "sha256:c2910967e6ab16bf6fbeb1f771c89a7050947221ae12a5b0b60f3bca2ee19bca",
                "sha256:c2b92812bd214018e50b6380ea3ac0c8bb01ac07fcc14c5f86a5bb25e74026e9",
                "sha256:c2f20ce161ebdb0091a10c9ca0372e023ce24980d0e1f810f519da6f79c60800",
                "sha256:c4b07442206f7af124f72b555714453f4e3c94f6bc1c15016d92d1e900abc84f",
                "sha256:c4f2c18fd9754d06424866f5f148758bbb9caa1321eeedb870fd6b5afd4d87a6",
                "sha256:c56d748ea50215abef7030c72b60dd723ed5b5c7e65e7bc2504e77843631c1a6",
                "sha256:c61a07064f31a810f812c7fed9af6fbf670524289ca760db4e50aeb2de27dc42",
                "sha256:c63414de948213639631a38dd2fb28b0179e76addb27442679a62d8b26341864",
                "sha256:c634371d26e1a7e084555f6a89a0340dd14e937c1afe528d5e0268917b878615",
                "sha256:c6b707a3bb9b643fc9a3232e95c75c41fee915894ce33c57a79146ac2bb84b25",
                "sha256:c7c133e93b405eb0d36fa430c94185bdd13c36204a8635470cccc200723c13bb",
                "sha256:c7eae376de5ccf1d67915092d710f3b770d7fa35e43a8e707124764e0f06aea6",
                "sha256:c93e288d5c034824bf7d022077f74da33154bbc0f11d7eb635e907f00336a74a",
                "sha256:c9c6c9b2c2f80747a98f34ef491c4d7b1a8d4853937bb1492774992a120f475d",
                "sha256:c9e3d9de5b552f18508ec3b26f87a81193d614f1f8bc25f5bbfd8ecaf8a7ea3c",
                "sha256:cb0e812f77c9004aa116a6fbfb20298b7c84638601dd800b926cef31980f840c",
                "sha256:cbc8df5c6a88ba5ae385d8930da02201165408dde8d8322072e3e5ddd4f68e22",
                "sha256:cff084c6933680d1f8b2f3b4ff5bbb88538a4aac00d199ac13f49d0698727ecb",
                "sha256:d1436100f9b2e41ad36b7d695766e0c65f0f6756c2efa43c504db6b8494808ac",
                "sha256:d16f1c9a59c8cb8710ebec1d406d987d1ed01fb8f3bc3a4d7c8049500259858b",
                "sha256:d2045d6d9439a0078f2a34b57c7b18c4a6aef0bee37f22e4ec9f32456c852c71",
                "sha256:d20a0ddb3e989e8807d83225a27e5c2eb2260eaa851532086e9e0fa0d5287d83",
                "sha256:d457aed310f2670f59cc5b57dcfced452aeeed77f9da2b9763616bd57e4dbaae",
                "sha256:d498498bdf139a7b9741ea2830a3bf383b890f2900a790d512589398e4b44d71",
                "sha256:d623f4548a0d3ac94b63c877c3bc64cf2797e5220bc4417affbcec51b925fc95",
                "sha256:d74e1416d14c9ba65f94376eb31d13ffdbbb66158efa1c6e774072e60ef6b535",
                "sha256:d89528b4943d27029a2818f847c10c2cecc79fa9590f3cb1860459a5be7933eb",
                "sha256:d8c371870b985772c17153013801b27e929ed07833d88442d7b849842066e28d",
                "sha256:d963793764e33cc8a73eef5cc91993c9a284e4a20200cb7d3a45c79804bdb6d7",
                "sha256:d9fd9a251322119f806a8093e63f80690ea8135125bb76a421da3fa4e9a356f7",
                "sha256:db0b2af416ba735c6304c47f75d348f498b92952f5e3e8bff449336d2728795d",
                "sha256:dcac41960f91e633b6be0614038798f72322c856c698ef99e30cdf032e598c15",
                "sha256:ddf9d86325d614eb82fe6d96c51e0a4b2913598438e8d21409263c9a0b685c72",
                "sha256:deee9ca4727f53464daf089536e68b13e6104e84a37820a88b0a057b97bba2d2",
                "sha256:df27ffddff4190667d40de7beba4a950b5ce78fe28a7dcc41d6f8a700a80a3c0",
                "sha256:e0c95ddd4f6e9fca4e9e3afaa4f9df8552f0ba5d1004e89ef0a68e1f1f9807c7",
                "sha256:e1c1be77bc5fb77d923850f82e55a928f8638f64a61f00ff18a67c7404faf008",
                "sha256:e1de75572abae7becd209922d7c91146aff222868b4ea875e815164864d38e13",
                "sha256:e1ffa1c924e8c72778b9ccd386a7067cddf626884fd8277f503c48bb5f51c762",
                "sha256:e237d81f25fd201eb8676fe5a77e23a03b3bf161ed3564c5547629c645319d83",
                "sha256:e2400a94f7dd9cb20cd012951a0cbf8249e3d554c63a9c0cdfd5cbb6c01d2dec",
                "sha256:e280118a7ae3c57c85aa5906c9eef97c55f47817e6a2402bf7dfb76e6b013cf4",
                "sha256:e2a619d61afe92e608b108781d04ded51a0e8cd1b929d7a047e9d4be0cd24ca7",
                "sha256:e61f091c3ba0c3578411ef505992d356a812fb200643eab27f4f70eed34a29ef",
                "sha256:e66c23fd8d19bf6b0508e4b3a39f7616b950661364bf8de0297f80c06d665a0a",
                "sha256:e82c7b628bb44e049cc316d696431ddcfe06cbad45710915247a59b2c4fb980e",
                "sha256:e8a701123029cc240cea61dd2d16ad57cab4691804143ce80ecd9286b464d180",
                "sha256:eadbefd5e92ef8a345f0525b5cfd01cf4e4cc651a2cffb8f23c0dd184975d787",
                "sha256:ee035881c245653e97bb15a20f7eae984705da42eca7da1e5824c447429a2c12",
                "sha256:ee65adde516a46794320fd412da576d2bb83b9a60dc1a1a894567ed6e1f335a8",
                "sha256:ee77c41dadf2a95b3933d44a1269575ce82fb835078611153bb8fd91811653b0",
                "sha256:f1396e1fc7973b4e2697f1aea511c8cfbe2954c7e2b05a8a53f1f28e3e136cf0",
                "sha256:f17691d4244ab02a1f97913b9eaeef5e893c9e75980a6c9bc82deff13f6a7ff3",
                "sha256:f1ce881345c3271ad0b58eac61347b651556862d76a2d72d15f98052c8851cc8",
                "sha256:f2cbe2212d19c54b964fba3af221513737e83d1fbaa1ce83cbc4168bbb120786",
                "sha256:f32260e556a983bc5c7ed588d04c942c9a8f9c2e99213fec11a031e316874c7e",
                "sha256:f633fd6667a1b7959963b00e58216bccfb763180146dc466a4a61b74da23d9d4",
                "sha256:f75c36d6bdf5673f795b174de63a6257faba29fd6ebc9fc65e404299bab8e13f",
                "sha256:f8115e303280ba09f3898194791a153862cbf9eef722ad8f7f741987ee2a97c7",
                "sha256:f8346125777886cd25bfbee656b58b1d20fe50423b3495498f228d0916237d43",
                "sha256:f86e0e886f57549eb1d7b4bb80f5abc07086455242b3ccec369f661b8d87fd65",
                "sha256:f98b220b3bfb25195b113d4c94522a8d4e9a3299ecd2dea50af11e41c49b868a",
                "sha256:fabd66376611b892df6e285b567e5f422d7ca48396bc7069a82ab03fc2c97b64",
                "sha256:fb0e88238972e5e8aabd08b3902b05261725727347c99b90862e75a8b850a736",
                "sha256:fb6efa05819bd11d686c4b2459b9aadd031a264ac0d05b5421a4313126c3badf",
                "sha256:fe2db2bd4da427954726e77c6c309e27b96e1f5636037930ef0015dba0baed93",
                "sha256:fedbdc753827cf014c01dbbee9c3be17e5a208dcd1bf8641ce2cd29580d1f0d4",
                "sha256:fef747e45250dba0a1bc360b5b248bac211ea53577f0c9aead47f9d652ba9110"
            ],
            "markers": "python_version >= '3.6'",
            "version": "==25.1.1"
        },
        "setuptools": {
            "hashes": [
                "sha256:11e52c67415a381d10d6b462ced9cfb97066179f0e871399e006c4ab101fc85f",
                "sha256:baf1fdb41c6da4cd2eae722e135500da913332ab3f2f5c7d33af9b492acb5235"
            ],
            "markers": "python_version >= '3.7'",
            "version": "==68.0.0"
        },
        "six": {
            "hashes": [
                "sha256:1e61c37477a1626458e36f7b1d82aa5c9b094fa4802892072e49de9c60c4c926",
                "sha256:8abb2f1d86890a2dfb989f9a77cfcfd3e47c2a354b01111771326f8aa26e0254"
            ],
            "markers": "python_version >= '2.7' and python_version not in '3.0, 3.1, 3.2'",
            "version": "==1.16.0"
        },
        "tornado": {
            "hashes": [
                "sha256:01622447b90a57ec63bf8c437552ca6c7a70908453efc396f083234b752fd835",
                "sha256:0acb1eb25f5332eef68a7c75f281b86175b5a35a10bac15c795be13408025f7f",
                "sha256:0e1087d6e0a9d90b720278fc601e52a77f1bb33a60ac4f4491b01109e76e6feb",
                "sha256:0f51b5ef06a2fb34d6a10ee80597566492e60ce30cf73b91dd87f8fdffaa80a5",
                "sha256:14a0c18bef184c270ca01c33e2a5d9b46773cbfc693e18f71cbb4acae1d9b3cd",
                "sha256:1ad9c254146979dc05f4fab6a3c192abd0a95524df839fd29ab3e42114dd54e4",
                "sha256:1bbb616f66151434626338a6b54d1e7a2c18bb41ca1dbb048872643746c1ff51",
                "sha256:1d54d13ab8414ed44de07efecb97d4ef7c39f7438cf5e976ccd356bebb1b5fca",
                "sha256:1ddaa4a3d7ec3bc280d9343c46164b792ce4798f2d228ef5c7e29db9e7af67be",
                "sha256:1f159c8792daa7bdf2da09fd8814812725372735e75c0280188ed7c81df693a1",
                "sha256:1f263a3c7750ad582effa9f120dc7d3550b4d0d89b5b070814d2336866a27415",
                "sha256:20f638fd8cc85f3cbae3c732326e96addff0a15e22d80f049e00121651e82e72",
                "sha256:2409c873f8c2719beacac2b7566f71a8501c1f89bdeaf8c6a3af01b443684d73",
                "sha256:2b03c9d69bfddd0a4bb9775541119805b479abd82b5bced15ef411109fa6edbc",
                "sha256:3cb7cf6b046ecea3e7e287426687f9f518c2e8e8381ad172ba7bdaa425caed82",
                "sha256:3e251e6e6a8d56bf3c0b69cc15c30e695c2c55699a9f66c1c0d0baa4fc06ffdf",
                "sha256:3e6d9b30e336de6f465b79a24cb8397f967b638ba511999b61b768ba53b5cc8a",
                "sha256:427690581442f24a0172bc54ca32c78fb6dbeab92457f96f16404fae6b1271ce",
                "sha256:4a16b769c82d8c7ed13e429ee4f8b16336980d2b5d31da82a54d2df37b9d75cb",
                "sha256:4b379612b9640385ff1aa70c78f1a61572766713735a06c3952ed5169872a67b",
                "sha256:5525041f12df65cbddb19c0b491b31896a5be1f5183804ce334912e255d72d27",
                "sha256:56c542350065357eaf9de0ffaad2489e50da80770625c1de2224c7796c57a992",
                "sha256:58be4fbd08d9f9bbcf97d996673b7557b013a2acb57d8ce8bac1b8a81fcd38d6",
                "sha256:5917df897342d80a2d33ddf4b445d7e419facbc85659784a1f5f17accec5b2a6",
                "sha256:5c87076709343557ef8032934ce5f637dbb552efa7b21d08e89ae7619ed0eb23",
                "sha256:5f8c52d219d4995388119af7ccaa0bcec289535747620116a58d830e7c25d8a8",
                "sha256:60c55191e0ed89f41ac8ffa401255d7a286d59c6ccb0d88e2ef1ff7c0f9d8782",
                "sha256:678014af05d3c7c06ef659e33df9a3d59eb94baa971031f288ed0c1b38f46758",
                "sha256:6f5fc3b7be9f9530409500e5170913827c2f73ce23eac9a986b6ef57bebf459c",
                "sha256:6fdfabffd8dfcb6cf887428849d30cf19a3ea34c2c248461e1f7d718ad30b66b",
                "sha256:726caaa989d2e472033f204dad08abe4ea02a7d158202dfefd149c13ded247bd",
                "sha256:7e671f3d5c6fb78555f445b30ac1511b001d1fab076cce9583601c5cd1b30320",
                "sha256:7ef8769c1bed5a15ca39cb524ad4842c3ee2e78f95e0dd5731f6006b7089acde",
                "sha256:87dcafae3e884462f90c90ecc200defe5e580a7fbbb4365eda7c7c1eb809ebc9",
                "sha256:8e8f902490fea3fa41bf7e74094004062e58debfaa312af732f25bc42511cf06",
                "sha256:8f1746995638b8c4ca44e3c18dfe68605e5d722892be97c3362ef01219e878f0",
                "sha256:8fafcd7d5ea4b349d29ef8182ba83f22e5f91aa34faf0730d4dd7addd899c6e9",
                "sha256:913eb38323e85ec974a7fe33c385896c2442ffac2891283024fcbb8903b74f8c",
                "sha256:9171602f19394a5384c55cd6f5fbc62c061c05de438e61742367ff1d1a2ae24e",
                "sha256:920fd40e9ddc89fdc1bb88356bb341160ee47dc547dc7c1844e47b48d4ebc789",
                "sha256:9734bc642adce9cc8b0e245ef601322c7f2b802726ef8dd3406f0c02d98c9e8b",
                "sha256:9adefa1170588f9751986272a06a5627b7218d3b9c032195a09e08c1aa1cfeed",
                "sha256:9b630419bde84ec666bfd7ea0a4cb2a8a651c2d5cccdbdd1972a0c859dfc3c13",
                "sha256:9fb6e981f2e341fd3150f439578c401b35fbff81ef9f222afe02f4213bb5798f",
                "sha256:a3aa2c59daf97f932e5a42e5f4b90a67bb5c79a447487c47a9f1be6873c3f0d1",
                "sha256:a48eb59baa3ef83dd7e69c6692488cb81ff8f7b67749f732850065ef3924fd96",
                "sha256:a5ffada52ea544f2b2ce2089d3c5f158a69325580a3e114edfd8e3eacd5565db",
                "sha256:a6641c02645e5bce5e7e748febec3a8a8ef760b0bdf224e0353426e9b0019977",
                "sha256:ab10138dc3f286bb8ce6e9e2eb46f56f3d790554b4d5f743036e97edd62a12f6",
                "sha256:b5a9c2c04f49deaecc91d22f86fd9522fe92d5245754cf8d0df5c77b67771b74",
                "sha256:b8150f721c101abdef99073bf66d3903e292d851bee51910839831caba341a75",
                "sha256:ba09ef14ca9893954244fd872798b4ccb2367c165946ce2dd7376aebdde8e3ac",
                "sha256:d3a2f5999215a3a06a4fc218026cd84c61b8b2b40ac5296a6db1f1451ef04c1e",
                "sha256:d6f38dafaca9f8876fe02f8086565de9e5ce613fe9ce1d9032bc53aabf390a1f",
                "sha256:db01bfdf4135c7e38047446d999b2508f4bf4996f4ac1557801cfe448854a2c0",
                "sha256:dea5be34486a81d28f0f986e440699f4f41ea760bde8fd42a3e599d0a89f0058",
                "sha256:df4aa75bdd982136eb127ad3bcd075b126b2bf6410af049347da48de078d9698",
                "sha256:e01ca81f95dade11aca183f1fc18b5b3b96e4d290e6e3f12e1433995691b7f28",
                "sha256:e0ed4e15f86166a65ccd08ce96c739a0ee61783f67d996bc74bf66391ed2a604",
                "sha256:e275abc2be9ed25381c62910f0161cb87192137b34152cf1e6c0d8c239dadaa2",
                "sha256:e5f923aa6a47e133d1cf87d60700889d7eae68988704e20c75fb2d65677a8e4b",
                "sha256:e7a5ba8be41b9292715f281f7d9352451c57a73838169928e5c45f38f0edb62b"
            ],
            "markers": "python_version >= '3.7'",
            "version": "==6.2"
        },
        "traitlets": {
            "hashes": [
                "sha256:9e6ec080259b9a5940c797d58b613b5e31441c2257b87c2e795c5228ae80d2d8",
                "sha256:f6cde21a9c68cf756af02035f72d5a723bf607e862e7be33ece505abf4a3bad9"
            ],
            "markers": "python_version >= '3.7'",
            "version": "==5.9.0"
        },
        "wcwidth": {
            "hashes": [
                "sha256:9a929bd8380f6cd9571a968a9c8f4353ca58d7cd812a4822bba831f8d685b223",
                "sha256:a675d1a4a2d24ef67096a04b85b02deeecd8e226f57b5e3a72dbb9ed99d27da8"
            ],
            "version": "==0.2.9"
        }
    }
}
